
Microsoft Visual Studio Solution File, Format Version 12.00
# Visual Studio Version 16
Project("{8BC9CEB8-8B4A-11D0-8D11-00A0C91BC942}") = "ALL_BUILD", "ALL_BUILD.vcxproj", "{2D1F0AE7-D627-342D-B6B4-AA4683ACC457}"
	ProjectSection(ProjectDependencies) = postProject
		{B514504F-7DE3-32B5-87C9-B9B5AF4E7551} = {B514504F-7DE3-32B5-87C9-B9B5AF4E7551}
		{95A58245-41B5-3EBE-B8DD-B81B12FBD573} = {95A58245-41B5-3EBE-B8DD-B81B12FBD573}
		{BD4E1848-79D0-3C4F-8030-0DF72005F8E6} = {BD4E1848-79D0-3C4F-8030-0DF72005F8E6}
		{D2DA3A5C-5BD4-3EA3-B021-7B7EDB7BF461} = {D2DA3A5C-5BD4-3EA3-B021-7B7EDB7BF461}
		{D80331E3-7D96-3B04-9B87-28A3E8B9DE25} = {D80331E3-7D96-3B04-9B87-28A3E8B9DE25}
	EndProjectSection
EndProject
Project("{8BC9CEB8-8B4A-11D0-8D11-00A0C91BC942}") = "INSTALL", "INSTALL.vcxproj", "{8FF5DACC-2732-3EBA-9BAB-7054FACE2F21}"
	ProjectSection(ProjectDependencies) = postProject
		{2D1F0AE7-D627-342D-B6B4-AA4683ACC457} = {2D1F0AE7-D627-342D-B6B4-AA4683ACC457}
		{B514504F-7DE3-32B5-87C9-B9B5AF4E7551} = {B514504F-7DE3-32B5-87C9-B9B5AF4E7551}
	EndProjectSection
EndProject
Project("{8BC9CEB8-8B4A-11D0-8D11-00A0C91BC942}") = "RUN_TESTS", "RUN_TESTS.vcxproj", "{DC27D488-CE2F-3569-91EB-E43FA8902EB7}"
	ProjectSection(ProjectDependencies) = postProject
		{B514504F-7DE3-32B5-87C9-B9B5AF4E7551} = {B514504F-7DE3-32B5-87C9-B9B5AF4E7551}
	EndProjectSection
EndProject
Project("{8BC9CEB8-8B4A-11D0-8D11-00A0C91BC942}") = "ZERO_CHECK", "..\..\..\build\ZERO_CHECK.vcxproj", "{B514504F-7DE3-32B5-87C9-B9B5AF4E7551}"
	ProjectSection(ProjectDependencies) = postProject
	EndProjectSection
EndProject
Project("{8BC9CEB8-8B4A-11D0-8D11-00A0C91BC942}") = "gmock", "googlemock\gmock.vcxproj", "{95A58245-41B5-3EBE-B8DD-B81B12FBD573}"
	ProjectSection(ProjectDependencies) = postProject
		{B514504F-7DE3-32B5-87C9-B9B5AF4E7551} = {B514504F-7DE3-32B5-87C9-B9B5AF4E7551}
	EndProjectSection
EndProject
Project("{8BC9CEB8-8B4A-11D0-8D11-00A0C91BC942}") = "gmock_main", "googlemock\gmock_main.vcxproj", "{BD4E1848-79D0-3C4F-8030-0DF72005F8E6}"
	ProjectSection(ProjectDependencies) = postProject
		{B514504F-7DE3-32B5-87C9-B9B5AF4E7551} = {B514504F-7DE3-32B5-87C9-B9B5AF4E7551}
	EndProjectSection
EndProject
Project("{8BC9CEB8-8B4A-11D0-8D11-00A0C91BC942}") = "gtest", "googletest\gtest.vcxproj", "{D2DA3A5C-5BD4-3EA3-B021-7B7EDB7BF461}"
	ProjectSection(ProjectDependencies) = postProject
		{B514504F-7DE3-32B5-87C9-B9B5AF4E7551} = {B514504F-7DE3-32B5-87C9-B9B5AF4E7551}
	EndProjectSection
EndProject
Project("{8BC9CEB8-8B4A-11D0-8D11-00A0C91BC942}") = "gtest_main", "googletest\gtest_main.vcxproj", "{D80331E3-7D96-3B04-9B87-28A3E8B9DE25}"
	ProjectSection(ProjectDependencies) = postProject
		{B514504F-7DE3-32B5-87C9-B9B5AF4E7551} = {B514504F-7DE3-32B5-87C9-B9B5AF4E7551}
		{D2DA3A5C-5BD4-3EA3-B021-7B7EDB7BF461} = {D2DA3A5C-5BD4-3EA3-B021-7B7EDB7BF461}
	EndProjectSection
EndProject
Global
	GlobalSection(SolutionConfigurationPlatforms) = preSolution
		Debug|x64 = Debug|x64
		Release|x64 = Release|x64
		MinSizeRel|x64 = MinSizeRel|x64
		RelWithDebInfo|x64 = RelWithDebInfo|x64
	EndGlobalSection
	GlobalSection(ProjectConfigurationPlatforms) = postSolution
		{2D1F0AE7-D627-342D-B6B4-AA4683ACC457}.Debug|x64.ActiveCfg = Debug|x64
		{2D1F0AE7-D627-342D-B6B4-AA4683ACC457}.Debug|x64.Build.0 = Debug|x64
		{2D1F0AE7-D627-342D-B6B4-AA4683ACC457}.Release|x64.ActiveCfg = Release|x64
		{2D1F0AE7-D627-342D-B6B4-AA4683ACC457}.Release|x64.Build.0 = Release|x64
		{2D1F0AE7-D627-342D-B6B4-AA4683ACC457}.MinSizeRel|x64.ActiveCfg = MinSizeRel|x64
		{2D1F0AE7-D627-342D-B6B4-AA4683ACC457}.MinSizeRel|x64.Build.0 = MinSizeRel|x64
		{2D1F0AE7-D627-342D-B6B4-AA4683ACC457}.RelWithDebInfo|x64.ActiveCfg = RelWithDebInfo|x64
		{2D1F0AE7-D627-342D-B6B4-AA4683ACC457}.RelWithDebInfo|x64.Build.0 = RelWithDebInfo|x64
		{8FF5DACC-2732-3EBA-9BAB-7054FACE2F21}.Debug|x64.ActiveCfg = Debug|x64
		{8FF5DACC-2732-3EBA-9BAB-7054FACE2F21}.Release|x64.ActiveCfg = Release|x64
		{8FF5DACC-2732-3EBA-9BAB-7054FACE2F21}.MinSizeRel|x64.ActiveCfg = MinSizeRel|x64
		{8FF5DACC-2732-3EBA-9BAB-7054FACE2F21}.RelWithDebInfo|x64.ActiveCfg = RelWithDebInfo|x64
		{DC27D488-CE2F-3569-91EB-E43FA8902EB7}.Debug|x64.ActiveCfg = Debug|x64
		{DC27D488-CE2F-3569-91EB-E43FA8902EB7}.Release|x64.ActiveCfg = Release|x64
		{DC27D488-CE2F-3569-91EB-E43FA8902EB7}.MinSizeRel|x64.ActiveCfg = MinSizeRel|x64
		{DC27D488-CE2F-3569-91EB-E43FA8902EB7}.RelWithDebInfo|x64.ActiveCfg = RelWithDebInfo|x64
		{B514504F-7DE3-32B5-87C9-B9B5AF4E7551}.Debug|x64.ActiveCfg = Debug|x64
		{B514504F-7DE3-32B5-87C9-B9B5AF4E7551}.Debug|x64.Build.0 = Debug|x64
		{B514504F-7DE3-32B5-87C9-B9B5AF4E7551}.Release|x64.ActiveCfg = Release|x64
		{B514504F-7DE3-32B5-87C9-B9B5AF4E7551}.Release|x64.Build.0 = Release|x64
		{B514504F-7DE3-32B5-87C9-B9B5AF4E7551}.MinSizeRel|x64.ActiveCfg = MinSizeRel|x64
		{B514504F-7DE3-32B5-87C9-B9B5AF4E7551}.MinSizeRel|x64.Build.0 = MinSizeRel|x64
		{B514504F-7DE3-32B5-87C9-B9B5AF4E7551}.RelWithDebInfo|x64.ActiveCfg = RelWithDebInfo|x64
		{B514504F-7DE3-32B5-87C9-B9B5AF4E7551}.RelWithDebInfo|x64.Build.0 = RelWithDebInfo|x64
		{95A58245-41B5-3EBE-B8DD-B81B12FBD573}.Debug|x64.ActiveCfg = Debug|x64
		{95A58245-41B5-3EBE-B8DD-B81B12FBD573}.Debug|x64.Build.0 = Debug|x64
		{95A58245-41B5-3EBE-B8DD-B81B12FBD573}.Release|x64.ActiveCfg = Release|x64
		{95A58245-41B5-3EBE-B8DD-B81B12FBD573}.Release|x64.Build.0 = Release|x64
		{95A58245-41B5-3EBE-B8DD-B81B12FBD573}.MinSizeRel|x64.ActiveCfg = MinSizeRel|x64
		{95A58245-41B5-3EBE-B8DD-B81B12FBD573}.MinSizeRel|x64.Build.0 = MinSizeRel|x64
		{95A58245-41B5-3EBE-B8DD-B81B12FBD573}.RelWithDebInfo|x64.ActiveCfg = RelWithDebInfo|x64
		{95A58245-41B5-3EBE-B8DD-B81B12FBD573}.RelWithDebInfo|x64.Build.0 = RelWithDebInfo|x64
		{BD4E1848-79D0-3C4F-8030-0DF72005F8E6}.Debug|x64.ActiveCfg = Debug|x64
		{BD4E1848-79D0-3C4F-8030-0DF72005F8E6}.Debug|x64.Build.0 = Debug|x64
		{BD4E1848-79D0-3C4F-8030-0DF72005F8E6}.Release|x64.ActiveCfg = Release|x64
		{BD4E1848-79D0-3C4F-8030-0DF72005F8E6}.Release|x64.Build.0 = Release|x64
		{BD4E1848-79D0-3C4F-8030-0DF72005F8E6}.MinSizeRel|x64.ActiveCfg = MinSizeRel|x64
		{BD4E1848-79D0-3C4F-8030-0DF72005F8E6}.MinSizeRel|x64.Build.0 = MinSizeRel|x64
		{BD4E1848-79D0-3C4F-8030-0DF72005F8E6}.RelWithDebInfo|x64.ActiveCfg = RelWithDebInfo|x64
		{BD4E1848-79D0-3C4F-8030-0DF72005F8E6}.RelWithDebInfo|x64.Build.0 = RelWithDebInfo|x64
		{D2DA3A5C-5BD4-3EA3-B021-7B7EDB7BF461}.Debug|x64.ActiveCfg = Debug|x64
		{D2DA3A5C-5BD4-3EA3-B021-7B7EDB7BF461}.Debug|x64.Build.0 = Debug|x64
		{D2DA3A5C-5BD4-3EA3-B021-7B7EDB7BF461}.Release|x64.ActiveCfg = Release|x64
		{D2DA3A5C-5BD4-3EA3-B021-7B7EDB7BF461}.Release|x64.Build.0 = Release|x64
		{D2DA3A5C-5BD4-3EA3-B021-7B7EDB7BF461}.MinSizeRel|x64.ActiveCfg = MinSizeRel|x64
		{D2DA3A5C-5BD4-3EA3-B021-7B7EDB7BF461}.MinSizeRel|x64.Build.0 = MinSizeRel|x64
		{D2DA3A5C-5BD4-3EA3-B021-7B7EDB7BF461}.RelWithDebInfo|x64.ActiveCfg = RelWithDebInfo|x64
		{D2DA3A5C-5BD4-3EA3-B021-7B7EDB7BF461}.RelWithDebInfo|x64.Build.0 = RelWithDebInfo|x64
		{D80331E3-7D96-3B04-9B87-28A3E8B9DE25}.Debug|x64.ActiveCfg = Debug|x64
		{D80331E3-7D96-3B04-9B87-28A3E8B9DE25}.Debug|x64.Build.0 = Debug|x64
		{D80331E3-7D96-3B04-9B87-28A3E8B9DE25}.Release|x64.ActiveCfg = Release|x64
		{D80331E3-7D96-3B04-9B87-28A3E8B9DE25}.Release|x64.Build.0 = Release|x64
		{D80331E3-7D96-3B04-9B87-28A3E8B9DE25}.MinSizeRel|x64.ActiveCfg = MinSizeRel|x64
		{D80331E3-7D96-3B04-9B87-28A3E8B9DE25}.MinSizeRel|x64.Build.0 = MinSizeRel|x64
		{D80331E3-7D96-3B04-9B87-28A3E8B9DE25}.RelWithDebInfo|x64.ActiveCfg = RelWithDebInfo|x64
		{D80331E3-7D96-3B04-9B87-28A3E8B9DE25}.RelWithDebInfo|x64.Build.0 = RelWithDebInfo|x64
	EndGlobalSection
	GlobalSection(ExtensibilityGlobals) = postSolution
		SolutionGuid = {5B9A94DA-D0D3-37D1-A9B4-84381BF90D01}
	EndGlobalSection
	GlobalSection(ExtensibilityAddIns) = postSolution
	EndGlobalSection
EndGlobal
